
Microsoft Visual Studio Solution File, Format Version 12.00
# Visual Studio Version 17
VisualStudioVersion = 17.5.33516.290
MinimumVisualStudioVersion = 10.0.40219.1
Project("{FAE04EC0-301F-11D3-BF4B-00C04F79EFBC}") = "ForLoops", "ForLoops.csproj", "{C1055FA4-BFAB-4E3D-91EC-51C272283DCB}"
EndProject
Global
	GlobalSection(SolutionConfigurationPlatforms) = preSolution
		Debug|Any CPU = Debug|Any CPU
		Release|Any CPU = Release|Any CPU
	EndGlobalSection
	GlobalSection(ProjectConfigurationPlatforms) = postSolution
		{C1055FA4-BFAB-4E3D-91EC-51C272283DCB}.Debug|Any CPU.ActiveCfg = Debug|Any CPU
		{C1055FA4-BFAB-4E3D-91EC-51C272283DCB}.Debug|Any CPU.Build.0 = Debug|Any CPU
		{C1055FA4-BFAB-4E3D-91EC-51C272283DCB}.Release|Any CPU.ActiveCfg = Release|Any CPU
		{C1055FA4-BFAB-4E3D-91EC-51C272283DCB}.Release|Any CPU.Build.0 = Release|Any CPU
	EndGlobalSection
	GlobalSection(SolutionProperties) = preSolution
		HideSolutionNode = FALSE
	EndGlobalSection
	GlobalSection(ExtensibilityGlobals) = postSolution
		SolutionGuid = {8161D339-C61F-4D17-B499-A80CD1469BD1}
	EndGlobalSection
EndGlobal
