
Microsoft Visual Studio Solution File, Format Version 12.00
# Visual Studio Version 17
VisualStudioVersion = 17.5.33516.290
MinimumVisualStudioVersion = 10.0.40219.1
Project("{FAE04EC0-301F-11D3-BF4B-00C04F79EFBC}") = "VariablesHomework", "VariablesHomework\VariablesHomework.csproj", "{0915E990-14A1-4DE7-8BAF-7062183ADB5E}"
EndProject
Global
	GlobalSection(SolutionConfigurationPlatforms) = preSolution
		Debug|Any CPU = Debug|Any CPU
		Release|Any CPU = Release|Any CPU
	EndGlobalSection
	GlobalSection(ProjectConfigurationPlatforms) = postSolution
		{0915E990-14A1-4DE7-8BAF-7062183ADB5E}.Debug|Any CPU.ActiveCfg = Debug|Any CPU
		{0915E990-14A1-4DE7-8BAF-7062183ADB5E}.Debug|Any CPU.Build.0 = Debug|Any CPU
		{0915E990-14A1-4DE7-8BAF-7062183ADB5E}.Release|Any CPU.ActiveCfg = Release|Any CPU
		{0915E990-14A1-4DE7-8BAF-7062183ADB5E}.Release|Any CPU.Build.0 = Release|Any CPU
	EndGlobalSection
	GlobalSection(SolutionProperties) = preSolution
		HideSolutionNode = FALSE
	EndGlobalSection
	GlobalSection(ExtensibilityGlobals) = postSolution
		SolutionGuid = {D654633A-69C3-4014-950F-5ED8B4D6090D}
	EndGlobalSection
EndGlobal
