
Microsoft Visual Studio Solution File, Format Version 12.00
# Visual Studio Version 17
VisualStudioVersion = 17.6.33723.286
MinimumVisualStudioVersion = 10.0.40219.1
Project("{FAE04EC0-301F-11D3-BF4B-00C04F79EFBC}") = "SalesPrediction", "SalesPrediction.csproj", "{DA9445AA-498E-4A5A-9214-E7E1D49E5244}"
EndProject
Global
	GlobalSection(SolutionConfigurationPlatforms) = preSolution
		Debug|Any CPU = Debug|Any CPU
		Release|Any CPU = Release|Any CPU
	EndGlobalSection
	GlobalSection(ProjectConfigurationPlatforms) = postSolution
		{DA9445AA-498E-4A5A-9214-E7E1D49E5244}.Debug|Any CPU.ActiveCfg = Debug|Any CPU
		{DA9445AA-498E-4A5A-9214-E7E1D49E5244}.Debug|Any CPU.Build.0 = Debug|Any CPU
		{DA9445AA-498E-4A5A-9214-E7E1D49E5244}.Release|Any CPU.ActiveCfg = Release|Any CPU
		{DA9445AA-498E-4A5A-9214-E7E1D49E5244}.Release|Any CPU.Build.0 = Release|Any CPU
	EndGlobalSection
	GlobalSection(SolutionProperties) = preSolution
		HideSolutionNode = FALSE
	EndGlobalSection
	GlobalSection(ExtensibilityGlobals) = postSolution
		SolutionGuid = {3661BE6E-F523-4F6B-ABEB-E81408A6C435}
	EndGlobalSection
EndGlobal
